{
  "name": "twitch-chat-launcher",
  "version": "1.0.0",
  "lockfileVersion": 2,
  "requires": true,
  "packages": {
    "": {
      "name": "twitch-chat-launcher",
      "version": "1.0.0",
      "license": "ISC",
      "dependencies": {
        "electron-prompt": "^1.7.0"
      }
    },
    "node_modules/electron-prompt": {
      "version": "1.7.0",
      "resolved": "https://registry.npmjs.org/electron-prompt/-/electron-prompt-1.7.0.tgz",
      "integrity": "sha512-IfqJYEgcRO6NuyPROo8AtdkAiZ6N9I1lQEf4dJAkPuhV5YgOHdmLqZJf6OXumZJfzrjpzCM5jHeYOrhGdgbnEA=="
    }
  },
  "dependencies": {
    "electron-prompt": {
      "version": "1.7.0",
      "resolved": "https://registry.npmjs.org/electron-prompt/-/electron-prompt-1.7.0.tgz",
      "integrity": "sha512-IfqJYEgcRO6NuyPROo8AtdkAiZ6N9I1lQEf4dJAkPuhV5YgOHdmLqZJf6OXumZJfzrjpzCM5jHeYOrhGdgbnEA=="
    }
  }
}
